
Microsoft Visual Studio Solution File, Format Version 10.00
# Visual Studio 2008
Project("{FAE04EC0-301F-11D3-BF4B-00C04F79EFBC}") = "PI Digital Stage Test Framework", "PI Digital Stage Test Framework.csproj", "{D76F67CE-E7F9-4813-955D-32A0930B2C3D}"
EndProject
Project("{FAE04EC0-301F-11D3-BF4B-00C04F79EFBC}") = "KUL.MDS.Resources", "..\KUL.MDS.Resources\KUL.MDS.Resources.csproj", "{04D2293F-76E4-4318-AF0F-10A24EC5899D}"
EndProject
Project("{FAE04EC0-301F-11D3-BF4B-00C04F79EFBC}") = "KUL.MDS.Systemlayer", "..\KUL.MDS.Systemlayer\KUL.MDS.Systemlayer.csproj", "{DD096382-A82E-4656-8ADC-85A5BC4476D7}"
EndProject
Project("{FAE04EC0-301F-11D3-BF4B-00C04F79EFBC}") = "KUL.MDS.Library", "..\KUL.MDS.Library\KUL.MDS.Library.csproj", "{AFCE2F08-7BD7-4F73-ABC1-9FFAFCEEACEF}"
EndProject
Project("{FAE04EC0-301F-11D3-BF4B-00C04F79EFBC}") = "KUL.MDS.Hardware", "..\KUL.MDS.Hardware\KUL.MDS.Hardware.csproj", "{92578237-0A47-4AC3-A7B9-B84239BCB72E}"
EndProject
Project("{FAE04EC0-301F-11D3-BF4B-00C04F79EFBC}") = "KUL.MDS.ScanModes", "..\KUL.MDS.ScanModes\KUL.MDS.ScanModes.csproj", "{C30788B7-5765-4215-90E4-D973CE0C15F2}"
EndProject
Global
	GlobalSection(SolutionConfigurationPlatforms) = preSolution
		Debug|Any CPU = Debug|Any CPU
		Release|Any CPU = Release|Any CPU
	EndGlobalSection
	GlobalSection(ProjectConfigurationPlatforms) = postSolution
		{D76F67CE-E7F9-4813-955D-32A0930B2C3D}.Debug|Any CPU.ActiveCfg = Debug|Any CPU
		{D76F67CE-E7F9-4813-955D-32A0930B2C3D}.Debug|Any CPU.Build.0 = Debug|Any CPU
		{D76F67CE-E7F9-4813-955D-32A0930B2C3D}.Release|Any CPU.ActiveCfg = Release|Any CPU
		{D76F67CE-E7F9-4813-955D-32A0930B2C3D}.Release|Any CPU.Build.0 = Release|Any CPU
		{04D2293F-76E4-4318-AF0F-10A24EC5899D}.Debug|Any CPU.ActiveCfg = Debug|Any CPU
		{04D2293F-76E4-4318-AF0F-10A24EC5899D}.Debug|Any CPU.Build.0 = Debug|Any CPU
		{04D2293F-76E4-4318-AF0F-10A24EC5899D}.Release|Any CPU.ActiveCfg = Release|Any CPU
		{04D2293F-76E4-4318-AF0F-10A24EC5899D}.Release|Any CPU.Build.0 = Release|Any CPU
		{DD096382-A82E-4656-8ADC-85A5BC4476D7}.Debug|Any CPU.ActiveCfg = Debug|Any CPU
		{DD096382-A82E-4656-8ADC-85A5BC4476D7}.Debug|Any CPU.Build.0 = Debug|Any CPU
		{DD096382-A82E-4656-8ADC-85A5BC4476D7}.Release|Any CPU.ActiveCfg = Release|Any CPU
		{DD096382-A82E-4656-8ADC-85A5BC4476D7}.Release|Any CPU.Build.0 = Release|Any CPU
		{AFCE2F08-7BD7-4F73-ABC1-9FFAFCEEACEF}.Debug|Any CPU.ActiveCfg = Debug|Any CPU
		{AFCE2F08-7BD7-4F73-ABC1-9FFAFCEEACEF}.Debug|Any CPU.Build.0 = Debug|Any CPU
		{AFCE2F08-7BD7-4F73-ABC1-9FFAFCEEACEF}.Release|Any CPU.ActiveCfg = Release|Any CPU
		{AFCE2F08-7BD7-4F73-ABC1-9FFAFCEEACEF}.Release|Any CPU.Build.0 = Release|Any CPU
		{92578237-0A47-4AC3-A7B9-B84239BCB72E}.Debug|Any CPU.ActiveCfg = Debug|Any CPU
		{92578237-0A47-4AC3-A7B9-B84239BCB72E}.Debug|Any CPU.Build.0 = Debug|Any CPU
		{92578237-0A47-4AC3-A7B9-B84239BCB72E}.Release|Any CPU.ActiveCfg = Release|Any CPU
		{92578237-0A47-4AC3-A7B9-B84239BCB72E}.Release|Any CPU.Build.0 = Release|Any CPU
		{C30788B7-5765-4215-90E4-D973CE0C15F2}.Debug|Any CPU.ActiveCfg = Debug|Any CPU
		{C30788B7-5765-4215-90E4-D973CE0C15F2}.Debug|Any CPU.Build.0 = Debug|Any CPU
		{C30788B7-5765-4215-90E4-D973CE0C15F2}.Release|Any CPU.ActiveCfg = Release|Any CPU
		{C30788B7-5765-4215-90E4-D973CE0C15F2}.Release|Any CPU.Build.0 = Release|Any CPU
	EndGlobalSection
	GlobalSection(SolutionProperties) = preSolution
		HideSolutionNode = FALSE
	EndGlobalSection
EndGlobal
