
Microsoft Visual Studio Solution File, Format Version 12.00
# Visual Studio 2013
VisualStudioVersion = 12.0.30501.0
MinimumVisualStudioVersion = 10.0.40219.1
Project("{FAE04EC0-301F-11D3-BF4B-00C04F79EFBC}") = "Spectroscopy Imaging Suite", "SIS\Spectroscopy Imaging Suite.csproj", "{633F5B3A-C20B-42DE-9D58-651FB8C5886F}"
	ProjectSection(ProjectDependencies) = postProject
		{A52D6403-0252-4A82-8C53-122B3CC036FC} = {A52D6403-0252-4A82-8C53-122B3CC036FC}
		{065D1334-343C-4EB1-8F62-4003A3F7D0C9} = {065D1334-343C-4EB1-8F62-4003A3F7D0C9}
		{ABD27080-6E3B-4981-B16A-885E17CA2AF2} = {ABD27080-6E3B-4981-B16A-885E17CA2AF2}
		{E805A798-79C7-4FEC-873A-1BACDC6FCF42} = {E805A798-79C7-4FEC-873A-1BACDC6FCF42}
		{4E58EEFC-82A4-4AFD-82C8-718F8A453D12} = {4E58EEFC-82A4-4AFD-82C8-718F8A453D12}
	EndProjectSection
EndProject
Project("{FAE04EC0-301F-11D3-BF4B-00C04F79EFBC}") = "SIS.SerialTerminal", "SIS.SerialTerminal\SIS.SerialTerminal.csproj", "{ABD27080-6E3B-4981-B16A-885E17CA2AF2}"
EndProject
Project("{FAE04EC0-301F-11D3-BF4B-00C04F79EFBC}") = "SIS.Validation", "SIS.Validation\SIS.Validation.csproj", "{A52D6403-0252-4A82-8C53-122B3CC036FC}"
EndProject
Project("{FAE04EC0-301F-11D3-BF4B-00C04F79EFBC}") = "SIS.ScanModes", "SIS.ScanModes\SIS.ScanModes.csproj", "{C30788B7-5765-4215-90E4-D973CE0C15F2}"
EndProject
Project("{FAE04EC0-301F-11D3-BF4B-00C04F79EFBC}") = "SIS.Systemlayer", "SIS.Systemlayer\SIS.Systemlayer.csproj", "{DD096382-A82E-4656-8ADC-85A5BC4476D7}"
EndProject
Project("{FAE04EC0-301F-11D3-BF4B-00C04F79EFBC}") = "SIS.Library", "SIS.Library\SIS.Library.csproj", "{AFCE2F08-7BD7-4F73-ABC1-9FFAFCEEACEF}"
EndProject
Project("{FAE04EC0-301F-11D3-BF4B-00C04F79EFBC}") = "SIS.Data", "SIS.Data\SIS.Data.csproj", "{3B5BCD2B-A0BD-497D-9869-A1298AA32CE4}"
EndProject
Project("{FAE04EC0-301F-11D3-BF4B-00C04F79EFBC}") = "SIS.Hardware", "SIS.Hardware\SIS.Hardware.csproj", "{92578237-0A47-4AC3-A7B9-B84239BCB72E}"
EndProject
Project("{FAE04EC0-301F-11D3-BF4B-00C04F79EFBC}") = "SIS.Resources", "SIS.Resources\SIS.Resources.csproj", "{04D2293F-76E4-4318-AF0F-10A24EC5899D}"
	ProjectSection(ProjectDependencies) = postProject
		{DD096382-A82E-4656-8ADC-85A5BC4476D7} = {DD096382-A82E-4656-8ADC-85A5BC4476D7}
	EndProjectSection
EndProject
Project("{FAE04EC0-301F-11D3-BF4B-00C04F79EFBC}") = "SIS.WPFControls", "SIS.WPFControls\SIS.WPFControls.csproj", "{5B6DEF7E-BAB5-45D0-8B14-AC1B412A55F4}"
EndProject
Project("{FAE04EC0-301F-11D3-BF4B-00C04F79EFBC}") = "SIS.Base", "SIS.Base\SIS.Base.csproj", "{4E58EEFC-82A4-4AFD-82C8-718F8A453D12}"
EndProject
Project("{FAE04EC0-301F-11D3-BF4B-00C04F79EFBC}") = "SISRepair", "SISRepair\SISRepair.csproj", "{E805A798-79C7-4FEC-873A-1BACDC6FCF42}"
EndProject
Project("{FAE04EC0-301F-11D3-BF4B-00C04F79EFBC}") = "SIS.MDITemplate", "SIS.MDITemplate\SIS.MDITemplate.csproj", "{065D1334-343C-4EB1-8F62-4003A3F7D0C9}"
EndProject
Project("{FAE04EC0-301F-11D3-BF4B-00C04F79EFBC}") = "DevDefined.Common", "DevDefined\DevDefined.Common\DevDefined.Common.csproj", "{6B39450C-D9F3-4A54-9A05-4BBA38E0BF90}"
EndProject
Project("{FAE04EC0-301F-11D3-BF4B-00C04F79EFBC}") = "DevDefined.Tools", "DevDefined\DevDefined.Tools\DevDefined.Tools.csproj", "{612260F5-9371-434A-A3F0-B73AB668ECEB}"
EndProject
Project("{FAE04EC0-301F-11D3-BF4B-00C04F79EFBC}") = "AutoUpdater.NET", "AutoUpdater.NET\AutoUpdater.NET.csproj", "{FB9E7E6B-B19F-4F37-A708-2996190CEF13}"
EndProject
Project("{FAE04EC0-301F-11D3-BF4B-00C04F79EFBC}") = "SIS.YanusIV", "DeviceAdapters\YanusIV\YanusIV.csproj", "{16B5AAFD-FC64-44D9-9A50-F11CB27F5C50}"
EndProject
Global
	GlobalSection(SolutionConfigurationPlatforms) = preSolution
		CD_ROM|Any CPU = CD_ROM|Any CPU
		CD_ROM|x64 = CD_ROM|x64
		CD_ROM|x86 = CD_ROM|x86
		Debug|Any CPU = Debug|Any CPU
		Debug|x64 = Debug|x64
		Debug|x86 = Debug|x86
		DVD-5|Any CPU = DVD-5|Any CPU
		DVD-5|x64 = DVD-5|x64
		DVD-5|x86 = DVD-5|x86
		Release|Any CPU = Release|Any CPU
		Release|x64 = Release|x64
		Release|x86 = Release|x86
		SingleImage|Any CPU = SingleImage|Any CPU
		SingleImage|x64 = SingleImage|x64
		SingleImage|x86 = SingleImage|x86
	EndGlobalSection
	GlobalSection(ProjectConfigurationPlatforms) = postSolution
		{633F5B3A-C20B-42DE-9D58-651FB8C5886F}.CD_ROM|Any CPU.ActiveCfg = Release|Any CPU
		{633F5B3A-C20B-42DE-9D58-651FB8C5886F}.CD_ROM|Any CPU.Build.0 = Release|Any CPU
		{633F5B3A-C20B-42DE-9D58-651FB8C5886F}.CD_ROM|x64.ActiveCfg = Debug|Any CPU
		{633F5B3A-C20B-42DE-9D58-651FB8C5886F}.CD_ROM|x86.ActiveCfg = Release|x86
		{633F5B3A-C20B-42DE-9D58-651FB8C5886F}.CD_ROM|x86.Build.0 = Release|x86
		{633F5B3A-C20B-42DE-9D58-651FB8C5886F}.Debug|Any CPU.ActiveCfg = Debug|Any CPU
		{633F5B3A-C20B-42DE-9D58-651FB8C5886F}.Debug|Any CPU.Build.0 = Debug|Any CPU
		{633F5B3A-C20B-42DE-9D58-651FB8C5886F}.Debug|x64.ActiveCfg = Debug|Any CPU
		{633F5B3A-C20B-42DE-9D58-651FB8C5886F}.Debug|x86.ActiveCfg = Debug|x86
		{633F5B3A-C20B-42DE-9D58-651FB8C5886F}.Debug|x86.Build.0 = Debug|x86
		{633F5B3A-C20B-42DE-9D58-651FB8C5886F}.DVD-5|Any CPU.ActiveCfg = Debug|Any CPU
		{633F5B3A-C20B-42DE-9D58-651FB8C5886F}.DVD-5|Any CPU.Build.0 = Debug|Any CPU
		{633F5B3A-C20B-42DE-9D58-651FB8C5886F}.DVD-5|x64.ActiveCfg = Debug|Any CPU
		{633F5B3A-C20B-42DE-9D58-651FB8C5886F}.DVD-5|x86.ActiveCfg = Debug|x86
		{633F5B3A-C20B-42DE-9D58-651FB8C5886F}.DVD-5|x86.Build.0 = Debug|x86
		{633F5B3A-C20B-42DE-9D58-651FB8C5886F}.Release|Any CPU.ActiveCfg = Release|Any CPU
		{633F5B3A-C20B-42DE-9D58-651FB8C5886F}.Release|Any CPU.Build.0 = Release|Any CPU
		{633F5B3A-C20B-42DE-9D58-651FB8C5886F}.Release|x64.ActiveCfg = Release|Any CPU
		{633F5B3A-C20B-42DE-9D58-651FB8C5886F}.Release|x86.ActiveCfg = Release|x86
		{633F5B3A-C20B-42DE-9D58-651FB8C5886F}.Release|x86.Build.0 = Release|x86
		{633F5B3A-C20B-42DE-9D58-651FB8C5886F}.SingleImage|Any CPU.ActiveCfg = Release|Any CPU
		{633F5B3A-C20B-42DE-9D58-651FB8C5886F}.SingleImage|Any CPU.Build.0 = Release|Any CPU
		{633F5B3A-C20B-42DE-9D58-651FB8C5886F}.SingleImage|x64.ActiveCfg = Debug|Any CPU
		{633F5B3A-C20B-42DE-9D58-651FB8C5886F}.SingleImage|x86.ActiveCfg = Release|x86
		{633F5B3A-C20B-42DE-9D58-651FB8C5886F}.SingleImage|x86.Build.0 = Release|x86
		{ABD27080-6E3B-4981-B16A-885E17CA2AF2}.CD_ROM|Any CPU.ActiveCfg = Release|Any CPU
		{ABD27080-6E3B-4981-B16A-885E17CA2AF2}.CD_ROM|Any CPU.Build.0 = Release|Any CPU
		{ABD27080-6E3B-4981-B16A-885E17CA2AF2}.CD_ROM|x64.ActiveCfg = Debug|Any CPU
		{ABD27080-6E3B-4981-B16A-885E17CA2AF2}.CD_ROM|x86.ActiveCfg = Release|x86
		{ABD27080-6E3B-4981-B16A-885E17CA2AF2}.CD_ROM|x86.Build.0 = Release|x86
		{ABD27080-6E3B-4981-B16A-885E17CA2AF2}.Debug|Any CPU.ActiveCfg = Debug|Any CPU
		{ABD27080-6E3B-4981-B16A-885E17CA2AF2}.Debug|Any CPU.Build.0 = Debug|Any CPU
		{ABD27080-6E3B-4981-B16A-885E17CA2AF2}.Debug|x64.ActiveCfg = Debug|Any CPU
		{ABD27080-6E3B-4981-B16A-885E17CA2AF2}.Debug|x86.ActiveCfg = Debug|x86
		{ABD27080-6E3B-4981-B16A-885E17CA2AF2}.Debug|x86.Build.0 = Debug|x86
		{ABD27080-6E3B-4981-B16A-885E17CA2AF2}.DVD-5|Any CPU.ActiveCfg = Debug|Any CPU
		{ABD27080-6E3B-4981-B16A-885E17CA2AF2}.DVD-5|Any CPU.Build.0 = Debug|Any CPU
		{ABD27080-6E3B-4981-B16A-885E17CA2AF2}.DVD-5|x64.ActiveCfg = Debug|Any CPU
		{ABD27080-6E3B-4981-B16A-885E17CA2AF2}.DVD-5|x86.ActiveCfg = Debug|x86
		{ABD27080-6E3B-4981-B16A-885E17CA2AF2}.DVD-5|x86.Build.0 = Debug|x86
		{ABD27080-6E3B-4981-B16A-885E17CA2AF2}.Release|Any CPU.ActiveCfg = Release|Any CPU
		{ABD27080-6E3B-4981-B16A-885E17CA2AF2}.Release|Any CPU.Build.0 = Release|Any CPU
		{ABD27080-6E3B-4981-B16A-885E17CA2AF2}.Release|x64.ActiveCfg = Release|Any CPU
		{ABD27080-6E3B-4981-B16A-885E17CA2AF2}.Release|x86.ActiveCfg = Release|x86
		{ABD27080-6E3B-4981-B16A-885E17CA2AF2}.Release|x86.Build.0 = Release|x86
		{ABD27080-6E3B-4981-B16A-885E17CA2AF2}.SingleImage|Any CPU.ActiveCfg = Release|Any CPU
		{ABD27080-6E3B-4981-B16A-885E17CA2AF2}.SingleImage|Any CPU.Build.0 = Release|Any CPU
		{ABD27080-6E3B-4981-B16A-885E17CA2AF2}.SingleImage|x64.ActiveCfg = Debug|Any CPU
		{ABD27080-6E3B-4981-B16A-885E17CA2AF2}.SingleImage|x86.ActiveCfg = Release|x86
		{ABD27080-6E3B-4981-B16A-885E17CA2AF2}.SingleImage|x86.Build.0 = Release|x86
		{A52D6403-0252-4A82-8C53-122B3CC036FC}.CD_ROM|Any CPU.ActiveCfg = Release|Any CPU
		{A52D6403-0252-4A82-8C53-122B3CC036FC}.CD_ROM|Any CPU.Build.0 = Release|Any CPU
		{A52D6403-0252-4A82-8C53-122B3CC036FC}.CD_ROM|x64.ActiveCfg = Debug|Any CPU
		{A52D6403-0252-4A82-8C53-122B3CC036FC}.CD_ROM|x86.ActiveCfg = Release|x86
		{A52D6403-0252-4A82-8C53-122B3CC036FC}.CD_ROM|x86.Build.0 = Release|x86
		{A52D6403-0252-4A82-8C53-122B3CC036FC}.Debug|Any CPU.ActiveCfg = Debug|Any CPU
		{A52D6403-0252-4A82-8C53-122B3CC036FC}.Debug|Any CPU.Build.0 = Debug|Any CPU
		{A52D6403-0252-4A82-8C53-122B3CC036FC}.Debug|x64.ActiveCfg = Debug|Any CPU
		{A52D6403-0252-4A82-8C53-122B3CC036FC}.Debug|x86.ActiveCfg = Debug|x86
		{A52D6403-0252-4A82-8C53-122B3CC036FC}.Debug|x86.Build.0 = Debug|x86
		{A52D6403-0252-4A82-8C53-122B3CC036FC}.DVD-5|Any CPU.ActiveCfg = Debug|Any CPU
		{A52D6403-0252-4A82-8C53-122B3CC036FC}.DVD-5|Any CPU.Build.0 = Debug|Any CPU
		{A52D6403-0252-4A82-8C53-122B3CC036FC}.DVD-5|x64.ActiveCfg = Debug|Any CPU
		{A52D6403-0252-4A82-8C53-122B3CC036FC}.DVD-5|x86.ActiveCfg = Debug|x86
		{A52D6403-0252-4A82-8C53-122B3CC036FC}.DVD-5|x86.Build.0 = Debug|x86
		{A52D6403-0252-4A82-8C53-122B3CC036FC}.Release|Any CPU.ActiveCfg = Release|Any CPU
		{A52D6403-0252-4A82-8C53-122B3CC036FC}.Release|Any CPU.Build.0 = Release|Any CPU
		{A52D6403-0252-4A82-8C53-122B3CC036FC}.Release|x64.ActiveCfg = Release|Any CPU
		{A52D6403-0252-4A82-8C53-122B3CC036FC}.Release|x86.ActiveCfg = Release|x86
		{A52D6403-0252-4A82-8C53-122B3CC036FC}.Release|x86.Build.0 = Release|x86
		{A52D6403-0252-4A82-8C53-122B3CC036FC}.SingleImage|Any CPU.ActiveCfg = Release|Any CPU
		{A52D6403-0252-4A82-8C53-122B3CC036FC}.SingleImage|Any CPU.Build.0 = Release|Any CPU
		{A52D6403-0252-4A82-8C53-122B3CC036FC}.SingleImage|x64.ActiveCfg = Debug|Any CPU
		{A52D6403-0252-4A82-8C53-122B3CC036FC}.SingleImage|x86.ActiveCfg = Release|x86
		{A52D6403-0252-4A82-8C53-122B3CC036FC}.SingleImage|x86.Build.0 = Release|x86
		{C30788B7-5765-4215-90E4-D973CE0C15F2}.CD_ROM|Any CPU.ActiveCfg = Release|Any CPU
		{C30788B7-5765-4215-90E4-D973CE0C15F2}.CD_ROM|Any CPU.Build.0 = Release|Any CPU
		{C30788B7-5765-4215-90E4-D973CE0C15F2}.CD_ROM|x64.ActiveCfg = Debug|Any CPU
		{C30788B7-5765-4215-90E4-D973CE0C15F2}.CD_ROM|x86.ActiveCfg = Release|x86
		{C30788B7-5765-4215-90E4-D973CE0C15F2}.CD_ROM|x86.Build.0 = Release|x86
		{C30788B7-5765-4215-90E4-D973CE0C15F2}.Debug|Any CPU.ActiveCfg = Debug|Any CPU
		{C30788B7-5765-4215-90E4-D973CE0C15F2}.Debug|Any CPU.Build.0 = Debug|Any CPU
		{C30788B7-5765-4215-90E4-D973CE0C15F2}.Debug|x64.ActiveCfg = Debug|Any CPU
		{C30788B7-5765-4215-90E4-D973CE0C15F2}.Debug|x86.ActiveCfg = Debug|x86
		{C30788B7-5765-4215-90E4-D973CE0C15F2}.Debug|x86.Build.0 = Debug|x86
		{C30788B7-5765-4215-90E4-D973CE0C15F2}.DVD-5|Any CPU.ActiveCfg = Debug|Any CPU
		{C30788B7-5765-4215-90E4-D973CE0C15F2}.DVD-5|Any CPU.Build.0 = Debug|Any CPU
		{C30788B7-5765-4215-90E4-D973CE0C15F2}.DVD-5|x64.ActiveCfg = Debug|Any CPU
		{C30788B7-5765-4215-90E4-D973CE0C15F2}.DVD-5|x86.ActiveCfg = Debug|x86
		{C30788B7-5765-4215-90E4-D973CE0C15F2}.DVD-5|x86.Build.0 = Debug|x86
		{C30788B7-5765-4215-90E4-D973CE0C15F2}.Release|Any CPU.ActiveCfg = Release|Any CPU
		{C30788B7-5765-4215-90E4-D973CE0C15F2}.Release|Any CPU.Build.0 = Release|Any CPU
		{C30788B7-5765-4215-90E4-D973CE0C15F2}.Release|x64.ActiveCfg = Release|Any CPU
		{C30788B7-5765-4215-90E4-D973CE0C15F2}.Release|x86.ActiveCfg = Release|x86
		{C30788B7-5765-4215-90E4-D973CE0C15F2}.Release|x86.Build.0 = Release|x86
		{C30788B7-5765-4215-90E4-D973CE0C15F2}.SingleImage|Any CPU.ActiveCfg = Release|Any CPU
		{C30788B7-5765-4215-90E4-D973CE0C15F2}.SingleImage|Any CPU.Build.0 = Release|Any CPU
		{C30788B7-5765-4215-90E4-D973CE0C15F2}.SingleImage|x64.ActiveCfg = Debug|Any CPU
		{C30788B7-5765-4215-90E4-D973CE0C15F2}.SingleImage|x86.ActiveCfg = Release|x86
		{C30788B7-5765-4215-90E4-D973CE0C15F2}.SingleImage|x86.Build.0 = Release|x86
		{DD096382-A82E-4656-8ADC-85A5BC4476D7}.CD_ROM|Any CPU.ActiveCfg = Release|Any CPU
		{DD096382-A82E-4656-8ADC-85A5BC4476D7}.CD_ROM|Any CPU.Build.0 = Release|Any CPU
		{DD096382-A82E-4656-8ADC-85A5BC4476D7}.CD_ROM|x64.ActiveCfg = Debug|Any CPU
		{DD096382-A82E-4656-8ADC-85A5BC4476D7}.CD_ROM|x86.ActiveCfg = Release|x86
		{DD096382-A82E-4656-8ADC-85A5BC4476D7}.CD_ROM|x86.Build.0 = Release|x86
		{DD096382-A82E-4656-8ADC-85A5BC4476D7}.Debug|Any CPU.ActiveCfg = Debug|Any CPU
		{DD096382-A82E-4656-8ADC-85A5BC4476D7}.Debug|Any CPU.Build.0 = Debug|Any CPU
		{DD096382-A82E-4656-8ADC-85A5BC4476D7}.Debug|x64.ActiveCfg = Debug|Any CPU
		{DD096382-A82E-4656-8ADC-85A5BC4476D7}.Debug|x86.ActiveCfg = Debug|x86
		{DD096382-A82E-4656-8ADC-85A5BC4476D7}.Debug|x86.Build.0 = Debug|x86
		{DD096382-A82E-4656-8ADC-85A5BC4476D7}.DVD-5|Any CPU.ActiveCfg = Debug|Any CPU
		{DD096382-A82E-4656-8ADC-85A5BC4476D7}.DVD-5|Any CPU.Build.0 = Debug|Any CPU
		{DD096382-A82E-4656-8ADC-85A5BC4476D7}.DVD-5|x64.ActiveCfg = Debug|Any CPU
		{DD096382-A82E-4656-8ADC-85A5BC4476D7}.DVD-5|x86.ActiveCfg = Debug|x86
		{DD096382-A82E-4656-8ADC-85A5BC4476D7}.DVD-5|x86.Build.0 = Debug|x86
		{DD096382-A82E-4656-8ADC-85A5BC4476D7}.Release|Any CPU.ActiveCfg = Release|Any CPU
		{DD096382-A82E-4656-8ADC-85A5BC4476D7}.Release|Any CPU.Build.0 = Release|Any CPU
		{DD096382-A82E-4656-8ADC-85A5BC4476D7}.Release|x64.ActiveCfg = Release|Any CPU
		{DD096382-A82E-4656-8ADC-85A5BC4476D7}.Release|x86.ActiveCfg = Release|x86
		{DD096382-A82E-4656-8ADC-85A5BC4476D7}.Release|x86.Build.0 = Release|x86
		{DD096382-A82E-4656-8ADC-85A5BC4476D7}.SingleImage|Any CPU.ActiveCfg = Release|Any CPU
		{DD096382-A82E-4656-8ADC-85A5BC4476D7}.SingleImage|Any CPU.Build.0 = Release|Any CPU
		{DD096382-A82E-4656-8ADC-85A5BC4476D7}.SingleImage|x64.ActiveCfg = Debug|Any CPU
		{DD096382-A82E-4656-8ADC-85A5BC4476D7}.SingleImage|x86.ActiveCfg = Release|x86
		{DD096382-A82E-4656-8ADC-85A5BC4476D7}.SingleImage|x86.Build.0 = Release|x86
		{AFCE2F08-7BD7-4F73-ABC1-9FFAFCEEACEF}.CD_ROM|Any CPU.ActiveCfg = Release|Any CPU
		{AFCE2F08-7BD7-4F73-ABC1-9FFAFCEEACEF}.CD_ROM|Any CPU.Build.0 = Release|Any CPU
		{AFCE2F08-7BD7-4F73-ABC1-9FFAFCEEACEF}.CD_ROM|x64.ActiveCfg = Debug|Any CPU
		{AFCE2F08-7BD7-4F73-ABC1-9FFAFCEEACEF}.CD_ROM|x86.ActiveCfg = Release|x86
		{AFCE2F08-7BD7-4F73-ABC1-9FFAFCEEACEF}.CD_ROM|x86.Build.0 = Release|x86
		{AFCE2F08-7BD7-4F73-ABC1-9FFAFCEEACEF}.Debug|Any CPU.ActiveCfg = Debug|Any CPU
		{AFCE2F08-7BD7-4F73-ABC1-9FFAFCEEACEF}.Debug|Any CPU.Build.0 = Debug|Any CPU
		{AFCE2F08-7BD7-4F73-ABC1-9FFAFCEEACEF}.Debug|x64.ActiveCfg = Debug|Any CPU
		{AFCE2F08-7BD7-4F73-ABC1-9FFAFCEEACEF}.Debug|x86.ActiveCfg = Debug|x86
		{AFCE2F08-7BD7-4F73-ABC1-9FFAFCEEACEF}.Debug|x86.Build.0 = Debug|x86
		{AFCE2F08-7BD7-4F73-ABC1-9FFAFCEEACEF}.DVD-5|Any CPU.ActiveCfg = Debug|Any CPU
		{AFCE2F08-7BD7-4F73-ABC1-9FFAFCEEACEF}.DVD-5|Any CPU.Build.0 = Debug|Any CPU
		{AFCE2F08-7BD7-4F73-ABC1-9FFAFCEEACEF}.DVD-5|x64.ActiveCfg = Debug|Any CPU
		{AFCE2F08-7BD7-4F73-ABC1-9FFAFCEEACEF}.DVD-5|x86.ActiveCfg = Debug|x86
		{AFCE2F08-7BD7-4F73-ABC1-9FFAFCEEACEF}.DVD-5|x86.Build.0 = Debug|x86
		{AFCE2F08-7BD7-4F73-ABC1-9FFAFCEEACEF}.Release|Any CPU.ActiveCfg = Release|Any CPU
		{AFCE2F08-7BD7-4F73-ABC1-9FFAFCEEACEF}.Release|Any CPU.Build.0 = Release|Any CPU
		{AFCE2F08-7BD7-4F73-ABC1-9FFAFCEEACEF}.Release|x64.ActiveCfg = Release|Any CPU
		{AFCE2F08-7BD7-4F73-ABC1-9FFAFCEEACEF}.Release|x86.ActiveCfg = Release|x86
		{AFCE2F08-7BD7-4F73-ABC1-9FFAFCEEACEF}.Release|x86.Build.0 = Release|x86
		{AFCE2F08-7BD7-4F73-ABC1-9FFAFCEEACEF}.SingleImage|Any CPU.ActiveCfg = Release|Any CPU
		{AFCE2F08-7BD7-4F73-ABC1-9FFAFCEEACEF}.SingleImage|Any CPU.Build.0 = Release|Any CPU
		{AFCE2F08-7BD7-4F73-ABC1-9FFAFCEEACEF}.SingleImage|x64.ActiveCfg = Debug|Any CPU
		{AFCE2F08-7BD7-4F73-ABC1-9FFAFCEEACEF}.SingleImage|x86.ActiveCfg = Release|x86
		{AFCE2F08-7BD7-4F73-ABC1-9FFAFCEEACEF}.SingleImage|x86.Build.0 = Release|x86
		{3B5BCD2B-A0BD-497D-9869-A1298AA32CE4}.CD_ROM|Any CPU.ActiveCfg = Release|Any CPU
		{3B5BCD2B-A0BD-497D-9869-A1298AA32CE4}.CD_ROM|Any CPU.Build.0 = Release|Any CPU
		{3B5BCD2B-A0BD-497D-9869-A1298AA32CE4}.CD_ROM|x64.ActiveCfg = Debug|Any CPU
		{3B5BCD2B-A0BD-497D-9869-A1298AA32CE4}.CD_ROM|x86.ActiveCfg = Release|x86
		{3B5BCD2B-A0BD-497D-9869-A1298AA32CE4}.CD_ROM|x86.Build.0 = Release|x86
		{3B5BCD2B-A0BD-497D-9869-A1298AA32CE4}.Debug|Any CPU.ActiveCfg = Debug|Any CPU
		{3B5BCD2B-A0BD-497D-9869-A1298AA32CE4}.Debug|Any CPU.Build.0 = Debug|Any CPU
		{3B5BCD2B-A0BD-497D-9869-A1298AA32CE4}.Debug|x64.ActiveCfg = Debug|Any CPU
		{3B5BCD2B-A0BD-497D-9869-A1298AA32CE4}.Debug|x86.ActiveCfg = Debug|x86
		{3B5BCD2B-A0BD-497D-9869-A1298AA32CE4}.Debug|x86.Build.0 = Debug|x86
		{3B5BCD2B-A0BD-497D-9869-A1298AA32CE4}.DVD-5|Any CPU.ActiveCfg = Debug|Any CPU
		{3B5BCD2B-A0BD-497D-9869-A1298AA32CE4}.DVD-5|Any CPU.Build.0 = Debug|Any CPU
		{3B5BCD2B-A0BD-497D-9869-A1298AA32CE4}.DVD-5|x64.ActiveCfg = Debug|Any CPU
		{3B5BCD2B-A0BD-497D-9869-A1298AA32CE4}.DVD-5|x86.ActiveCfg = Debug|x86
		{3B5BCD2B-A0BD-497D-9869-A1298AA32CE4}.DVD-5|x86.Build.0 = Debug|x86
		{3B5BCD2B-A0BD-497D-9869-A1298AA32CE4}.Release|Any CPU.ActiveCfg = Release|Any CPU
		{3B5BCD2B-A0BD-497D-9869-A1298AA32CE4}.Release|Any CPU.Build.0 = Release|Any CPU
		{3B5BCD2B-A0BD-497D-9869-A1298AA32CE4}.Release|x64.ActiveCfg = Release|Any CPU
		{3B5BCD2B-A0BD-497D-9869-A1298AA32CE4}.Release|x86.ActiveCfg = Release|x86
		{3B5BCD2B-A0BD-497D-9869-A1298AA32CE4}.Release|x86.Build.0 = Release|x86
		{3B5BCD2B-A0BD-497D-9869-A1298AA32CE4}.SingleImage|Any CPU.ActiveCfg = Release|Any CPU
		{3B5BCD2B-A0BD-497D-9869-A1298AA32CE4}.SingleImage|Any CPU.Build.0 = Release|Any CPU
		{3B5BCD2B-A0BD-497D-9869-A1298AA32CE4}.SingleImage|x64.ActiveCfg = Debug|Any CPU
		{3B5BCD2B-A0BD-497D-9869-A1298AA32CE4}.SingleImage|x86.ActiveCfg = Release|x86
		{3B5BCD2B-A0BD-497D-9869-A1298AA32CE4}.SingleImage|x86.Build.0 = Release|x86
		{92578237-0A47-4AC3-A7B9-B84239BCB72E}.CD_ROM|Any CPU.ActiveCfg = Release|Any CPU
		{92578237-0A47-4AC3-A7B9-B84239BCB72E}.CD_ROM|Any CPU.Build.0 = Release|Any CPU
		{92578237-0A47-4AC3-A7B9-B84239BCB72E}.CD_ROM|x64.ActiveCfg = Debug|Any CPU
		{92578237-0A47-4AC3-A7B9-B84239BCB72E}.CD_ROM|x86.ActiveCfg = Release|x86
		{92578237-0A47-4AC3-A7B9-B84239BCB72E}.CD_ROM|x86.Build.0 = Release|x86
		{92578237-0A47-4AC3-A7B9-B84239BCB72E}.Debug|Any CPU.ActiveCfg = Debug|Any CPU
		{92578237-0A47-4AC3-A7B9-B84239BCB72E}.Debug|Any CPU.Build.0 = Debug|Any CPU
		{92578237-0A47-4AC3-A7B9-B84239BCB72E}.Debug|x64.ActiveCfg = Debug|Any CPU
		{92578237-0A47-4AC3-A7B9-B84239BCB72E}.Debug|x86.ActiveCfg = Debug|x86
		{92578237-0A47-4AC3-A7B9-B84239BCB72E}.Debug|x86.Build.0 = Debug|x86
		{92578237-0A47-4AC3-A7B9-B84239BCB72E}.Debug|x86.Deploy.0 = Debug|x86
		{92578237-0A47-4AC3-A7B9-B84239BCB72E}.DVD-5|Any CPU.ActiveCfg = Debug|Any CPU
		{92578237-0A47-4AC3-A7B9-B84239BCB72E}.DVD-5|Any CPU.Build.0 = Debug|Any CPU
		{92578237-0A47-4AC3-A7B9-B84239BCB72E}.DVD-5|x64.ActiveCfg = Debug|Any CPU
		{92578237-0A47-4AC3-A7B9-B84239BCB72E}.DVD-5|x86.ActiveCfg = Debug|x86
		{92578237-0A47-4AC3-A7B9-B84239BCB72E}.DVD-5|x86.Build.0 = Debug|x86
		{92578237-0A47-4AC3-A7B9-B84239BCB72E}.Release|Any CPU.ActiveCfg = Release|Any CPU
		{92578237-0A47-4AC3-A7B9-B84239BCB72E}.Release|Any CPU.Build.0 = Release|Any CPU
		{92578237-0A47-4AC3-A7B9-B84239BCB72E}.Release|x64.ActiveCfg = Release|Any CPU
		{92578237-0A47-4AC3-A7B9-B84239BCB72E}.Release|x86.ActiveCfg = Release|x86
		{92578237-0A47-4AC3-A7B9-B84239BCB72E}.Release|x86.Build.0 = Release|x86
		{92578237-0A47-4AC3-A7B9-B84239BCB72E}.SingleImage|Any CPU.ActiveCfg = Release|Any CPU
		{92578237-0A47-4AC3-A7B9-B84239BCB72E}.SingleImage|Any CPU.Build.0 = Release|Any CPU
		{92578237-0A47-4AC3-A7B9-B84239BCB72E}.SingleImage|x64.ActiveCfg = Debug|Any CPU
		{92578237-0A47-4AC3-A7B9-B84239BCB72E}.SingleImage|x86.ActiveCfg = Release|x86
		{92578237-0A47-4AC3-A7B9-B84239BCB72E}.SingleImage|x86.Build.0 = Release|x86
		{04D2293F-76E4-4318-AF0F-10A24EC5899D}.CD_ROM|Any CPU.ActiveCfg = Release|Any CPU
		{04D2293F-76E4-4318-AF0F-10A24EC5899D}.CD_ROM|Any CPU.Build.0 = Release|Any CPU
		{04D2293F-76E4-4318-AF0F-10A24EC5899D}.CD_ROM|x64.ActiveCfg = Debug|Any CPU
		{04D2293F-76E4-4318-AF0F-10A24EC5899D}.CD_ROM|x86.ActiveCfg = Release|x86
		{04D2293F-76E4-4318-AF0F-10A24EC5899D}.CD_ROM|x86.Build.0 = Release|x86
		{04D2293F-76E4-4318-AF0F-10A24EC5899D}.Debug|Any CPU.ActiveCfg = Debug|Any CPU
		{04D2293F-76E4-4318-AF0F-10A24EC5899D}.Debug|Any CPU.Build.0 = Debug|Any CPU
		{04D2293F-76E4-4318-AF0F-10A24EC5899D}.Debug|x64.ActiveCfg = Debug|Any CPU
		{04D2293F-76E4-4318-AF0F-10A24EC5899D}.Debug|x86.ActiveCfg = Debug|x86
		{04D2293F-76E4-4318-AF0F-10A24EC5899D}.Debug|x86.Build.0 = Debug|x86
		{04D2293F-76E4-4318-AF0F-10A24EC5899D}.DVD-5|Any CPU.ActiveCfg = Debug|Any CPU
		{04D2293F-76E4-4318-AF0F-10A24EC5899D}.DVD-5|Any CPU.Build.0 = Debug|Any CPU
		{04D2293F-76E4-4318-AF0F-10A24EC5899D}.DVD-5|x64.ActiveCfg = Debug|Any CPU
		{04D2293F-76E4-4318-AF0F-10A24EC5899D}.DVD-5|x86.ActiveCfg = Debug|x86
		{04D2293F-76E4-4318-AF0F-10A24EC5899D}.DVD-5|x86.Build.0 = Debug|x86
		{04D2293F-76E4-4318-AF0F-10A24EC5899D}.Release|Any CPU.ActiveCfg = Release|Any CPU
		{04D2293F-76E4-4318-AF0F-10A24EC5899D}.Release|Any CPU.Build.0 = Release|Any CPU
		{04D2293F-76E4-4318-AF0F-10A24EC5899D}.Release|x64.ActiveCfg = Release|Any CPU
		{04D2293F-76E4-4318-AF0F-10A24EC5899D}.Release|x86.ActiveCfg = Release|x86
		{04D2293F-76E4-4318-AF0F-10A24EC5899D}.Release|x86.Build.0 = Release|x86
		{04D2293F-76E4-4318-AF0F-10A24EC5899D}.SingleImage|Any CPU.ActiveCfg = Release|Any CPU
		{04D2293F-76E4-4318-AF0F-10A24EC5899D}.SingleImage|Any CPU.Build.0 = Release|Any CPU
		{04D2293F-76E4-4318-AF0F-10A24EC5899D}.SingleImage|x64.ActiveCfg = Debug|Any CPU
		{04D2293F-76E4-4318-AF0F-10A24EC5899D}.SingleImage|x86.ActiveCfg = Release|x86
		{04D2293F-76E4-4318-AF0F-10A24EC5899D}.SingleImage|x86.Build.0 = Release|x86
		{5B6DEF7E-BAB5-45D0-8B14-AC1B412A55F4}.CD_ROM|Any CPU.ActiveCfg = Release|Any CPU
		{5B6DEF7E-BAB5-45D0-8B14-AC1B412A55F4}.CD_ROM|Any CPU.Build.0 = Release|Any CPU
		{5B6DEF7E-BAB5-45D0-8B14-AC1B412A55F4}.CD_ROM|x64.ActiveCfg = Debug|Any CPU
		{5B6DEF7E-BAB5-45D0-8B14-AC1B412A55F4}.CD_ROM|x86.ActiveCfg = Release|x86
		{5B6DEF7E-BAB5-45D0-8B14-AC1B412A55F4}.CD_ROM|x86.Build.0 = Release|x86
		{5B6DEF7E-BAB5-45D0-8B14-AC1B412A55F4}.Debug|Any CPU.ActiveCfg = Debug|Any CPU
		{5B6DEF7E-BAB5-45D0-8B14-AC1B412A55F4}.Debug|Any CPU.Build.0 = Debug|Any CPU
		{5B6DEF7E-BAB5-45D0-8B14-AC1B412A55F4}.Debug|x64.ActiveCfg = Debug|Any CPU
		{5B6DEF7E-BAB5-45D0-8B14-AC1B412A55F4}.Debug|x86.ActiveCfg = Debug|x86
		{5B6DEF7E-BAB5-45D0-8B14-AC1B412A55F4}.Debug|x86.Build.0 = Debug|x86
		{5B6DEF7E-BAB5-45D0-8B14-AC1B412A55F4}.DVD-5|Any CPU.ActiveCfg = Debug|Any CPU
		{5B6DEF7E-BAB5-45D0-8B14-AC1B412A55F4}.DVD-5|Any CPU.Build.0 = Debug|Any CPU
		{5B6DEF7E-BAB5-45D0-8B14-AC1B412A55F4}.DVD-5|x64.ActiveCfg = Debug|Any CPU
		{5B6DEF7E-BAB5-45D0-8B14-AC1B412A55F4}.DVD-5|x86.ActiveCfg = Debug|x86
		{5B6DEF7E-BAB5-45D0-8B14-AC1B412A55F4}.DVD-5|x86.Build.0 = Debug|x86
		{5B6DEF7E-BAB5-45D0-8B14-AC1B412A55F4}.Release|Any CPU.ActiveCfg = Release|Any CPU
		{5B6DEF7E-BAB5-45D0-8B14-AC1B412A55F4}.Release|Any CPU.Build.0 = Release|Any CPU
		{5B6DEF7E-BAB5-45D0-8B14-AC1B412A55F4}.Release|x64.ActiveCfg = Release|Any CPU
		{5B6DEF7E-BAB5-45D0-8B14-AC1B412A55F4}.Release|x86.ActiveCfg = Release|x86
		{5B6DEF7E-BAB5-45D0-8B14-AC1B412A55F4}.Release|x86.Build.0 = Release|x86
		{5B6DEF7E-BAB5-45D0-8B14-AC1B412A55F4}.SingleImage|Any CPU.ActiveCfg = Release|Any CPU
		{5B6DEF7E-BAB5-45D0-8B14-AC1B412A55F4}.SingleImage|Any CPU.Build.0 = Release|Any CPU
		{5B6DEF7E-BAB5-45D0-8B14-AC1B412A55F4}.SingleImage|x64.ActiveCfg = Debug|Any CPU
		{5B6DEF7E-BAB5-45D0-8B14-AC1B412A55F4}.SingleImage|x86.ActiveCfg = Release|x86
		{5B6DEF7E-BAB5-45D0-8B14-AC1B412A55F4}.SingleImage|x86.Build.0 = Release|x86
		{4E58EEFC-82A4-4AFD-82C8-718F8A453D12}.CD_ROM|Any CPU.ActiveCfg = Release|Any CPU
		{4E58EEFC-82A4-4AFD-82C8-718F8A453D12}.CD_ROM|Any CPU.Build.0 = Release|Any CPU
		{4E58EEFC-82A4-4AFD-82C8-718F8A453D12}.CD_ROM|x64.ActiveCfg = Debug|Any CPU
		{4E58EEFC-82A4-4AFD-82C8-718F8A453D12}.CD_ROM|x86.ActiveCfg = Release|x86
		{4E58EEFC-82A4-4AFD-82C8-718F8A453D12}.CD_ROM|x86.Build.0 = Release|x86
		{4E58EEFC-82A4-4AFD-82C8-718F8A453D12}.Debug|Any CPU.ActiveCfg = Debug|Any CPU
		{4E58EEFC-82A4-4AFD-82C8-718F8A453D12}.Debug|Any CPU.Build.0 = Debug|Any CPU
		{4E58EEFC-82A4-4AFD-82C8-718F8A453D12}.Debug|x64.ActiveCfg = Debug|Any CPU
		{4E58EEFC-82A4-4AFD-82C8-718F8A453D12}.Debug|x86.ActiveCfg = Debug|x86
		{4E58EEFC-82A4-4AFD-82C8-718F8A453D12}.Debug|x86.Build.0 = Debug|x86
		{4E58EEFC-82A4-4AFD-82C8-718F8A453D12}.DVD-5|Any CPU.ActiveCfg = Debug|Any CPU
		{4E58EEFC-82A4-4AFD-82C8-718F8A453D12}.DVD-5|Any CPU.Build.0 = Debug|Any CPU
		{4E58EEFC-82A4-4AFD-82C8-718F8A453D12}.DVD-5|x64.ActiveCfg = Debug|Any CPU
		{4E58EEFC-82A4-4AFD-82C8-718F8A453D12}.DVD-5|x86.ActiveCfg = Debug|x86
		{4E58EEFC-82A4-4AFD-82C8-718F8A453D12}.DVD-5|x86.Build.0 = Debug|x86
		{4E58EEFC-82A4-4AFD-82C8-718F8A453D12}.Release|Any CPU.ActiveCfg = Release|Any CPU
		{4E58EEFC-82A4-4AFD-82C8-718F8A453D12}.Release|Any CPU.Build.0 = Release|Any CPU
		{4E58EEFC-82A4-4AFD-82C8-718F8A453D12}.Release|x64.ActiveCfg = Release|Any CPU
		{4E58EEFC-82A4-4AFD-82C8-718F8A453D12}.Release|x86.ActiveCfg = Release|x86
		{4E58EEFC-82A4-4AFD-82C8-718F8A453D12}.Release|x86.Build.0 = Release|x86
		{4E58EEFC-82A4-4AFD-82C8-718F8A453D12}.SingleImage|Any CPU.ActiveCfg = Release|Any CPU
		{4E58EEFC-82A4-4AFD-82C8-718F8A453D12}.SingleImage|Any CPU.Build.0 = Release|Any CPU
		{4E58EEFC-82A4-4AFD-82C8-718F8A453D12}.SingleImage|x64.ActiveCfg = Debug|Any CPU
		{4E58EEFC-82A4-4AFD-82C8-718F8A453D12}.SingleImage|x86.ActiveCfg = Release|x86
		{4E58EEFC-82A4-4AFD-82C8-718F8A453D12}.SingleImage|x86.Build.0 = Release|x86
		{E805A798-79C7-4FEC-873A-1BACDC6FCF42}.CD_ROM|Any CPU.ActiveCfg = Release|Any CPU
		{E805A798-79C7-4FEC-873A-1BACDC6FCF42}.CD_ROM|Any CPU.Build.0 = Release|Any CPU
		{E805A798-79C7-4FEC-873A-1BACDC6FCF42}.CD_ROM|x64.ActiveCfg = Debug|Any CPU
		{E805A798-79C7-4FEC-873A-1BACDC6FCF42}.CD_ROM|x86.ActiveCfg = Release|x86
		{E805A798-79C7-4FEC-873A-1BACDC6FCF42}.CD_ROM|x86.Build.0 = Release|x86
		{E805A798-79C7-4FEC-873A-1BACDC6FCF42}.Debug|Any CPU.ActiveCfg = Debug|Any CPU
		{E805A798-79C7-4FEC-873A-1BACDC6FCF42}.Debug|x64.ActiveCfg = Debug|Any CPU
		{E805A798-79C7-4FEC-873A-1BACDC6FCF42}.Debug|x86.ActiveCfg = Debug|x86
		{E805A798-79C7-4FEC-873A-1BACDC6FCF42}.Debug|x86.Build.0 = Debug|x86
		{E805A798-79C7-4FEC-873A-1BACDC6FCF42}.DVD-5|Any CPU.ActiveCfg = Debug|Any CPU
		{E805A798-79C7-4FEC-873A-1BACDC6FCF42}.DVD-5|Any CPU.Build.0 = Debug|Any CPU
		{E805A798-79C7-4FEC-873A-1BACDC6FCF42}.DVD-5|x64.ActiveCfg = Debug|Any CPU
		{E805A798-79C7-4FEC-873A-1BACDC6FCF42}.DVD-5|x86.ActiveCfg = Debug|x86
		{E805A798-79C7-4FEC-873A-1BACDC6FCF42}.DVD-5|x86.Build.0 = Debug|x86
		{E805A798-79C7-4FEC-873A-1BACDC6FCF42}.Release|Any CPU.ActiveCfg = Release|Any CPU
		{E805A798-79C7-4FEC-873A-1BACDC6FCF42}.Release|x64.ActiveCfg = Release|Any CPU
		{E805A798-79C7-4FEC-873A-1BACDC6FCF42}.Release|x86.ActiveCfg = Release|x86
		{E805A798-79C7-4FEC-873A-1BACDC6FCF42}.Release|x86.Build.0 = Release|x86
		{E805A798-79C7-4FEC-873A-1BACDC6FCF42}.SingleImage|Any CPU.ActiveCfg = Release|Any CPU
		{E805A798-79C7-4FEC-873A-1BACDC6FCF42}.SingleImage|x64.ActiveCfg = Debug|Any CPU
		{E805A798-79C7-4FEC-873A-1BACDC6FCF42}.SingleImage|x86.ActiveCfg = Release|x86
		{E805A798-79C7-4FEC-873A-1BACDC6FCF42}.SingleImage|x86.Build.0 = Release|x86
		{065D1334-343C-4EB1-8F62-4003A3F7D0C9}.CD_ROM|Any CPU.ActiveCfg = Release|Any CPU
		{065D1334-343C-4EB1-8F62-4003A3F7D0C9}.CD_ROM|Any CPU.Build.0 = Release|Any CPU
		{065D1334-343C-4EB1-8F62-4003A3F7D0C9}.CD_ROM|x64.ActiveCfg = Debug|Any CPU
		{065D1334-343C-4EB1-8F62-4003A3F7D0C9}.CD_ROM|x86.ActiveCfg = Release|x86
		{065D1334-343C-4EB1-8F62-4003A3F7D0C9}.CD_ROM|x86.Build.0 = Release|x86
		{065D1334-343C-4EB1-8F62-4003A3F7D0C9}.Debug|Any CPU.ActiveCfg = Debug|Any CPU
		{065D1334-343C-4EB1-8F62-4003A3F7D0C9}.Debug|Any CPU.Build.0 = Debug|Any CPU
		{065D1334-343C-4EB1-8F62-4003A3F7D0C9}.Debug|x64.ActiveCfg = Debug|Any CPU
		{065D1334-343C-4EB1-8F62-4003A3F7D0C9}.Debug|x86.ActiveCfg = Debug|x86
		{065D1334-343C-4EB1-8F62-4003A3F7D0C9}.Debug|x86.Build.0 = Debug|x86
		{065D1334-343C-4EB1-8F62-4003A3F7D0C9}.DVD-5|Any CPU.ActiveCfg = Debug|Any CPU
		{065D1334-343C-4EB1-8F62-4003A3F7D0C9}.DVD-5|Any CPU.Build.0 = Debug|Any CPU
		{065D1334-343C-4EB1-8F62-4003A3F7D0C9}.DVD-5|x64.ActiveCfg = Debug|Any CPU
		{065D1334-343C-4EB1-8F62-4003A3F7D0C9}.DVD-5|x86.ActiveCfg = Debug|x86
		{065D1334-343C-4EB1-8F62-4003A3F7D0C9}.DVD-5|x86.Build.0 = Debug|x86
		{065D1334-343C-4EB1-8F62-4003A3F7D0C9}.Release|Any CPU.ActiveCfg = Release|Any CPU
		{065D1334-343C-4EB1-8F62-4003A3F7D0C9}.Release|Any CPU.Build.0 = Release|Any CPU
		{065D1334-343C-4EB1-8F62-4003A3F7D0C9}.Release|x64.ActiveCfg = Release|Any CPU
		{065D1334-343C-4EB1-8F62-4003A3F7D0C9}.Release|x86.ActiveCfg = Release|x86
		{065D1334-343C-4EB1-8F62-4003A3F7D0C9}.Release|x86.Build.0 = Release|x86
		{065D1334-343C-4EB1-8F62-4003A3F7D0C9}.SingleImage|Any CPU.ActiveCfg = Release|Any CPU
		{065D1334-343C-4EB1-8F62-4003A3F7D0C9}.SingleImage|Any CPU.Build.0 = Release|Any CPU
		{065D1334-343C-4EB1-8F62-4003A3F7D0C9}.SingleImage|x64.ActiveCfg = Debug|Any CPU
		{065D1334-343C-4EB1-8F62-4003A3F7D0C9}.SingleImage|x86.ActiveCfg = Release|x86
		{065D1334-343C-4EB1-8F62-4003A3F7D0C9}.SingleImage|x86.Build.0 = Release|x86
		{6B39450C-D9F3-4A54-9A05-4BBA38E0BF90}.CD_ROM|Any CPU.ActiveCfg = Release|Any CPU
		{6B39450C-D9F3-4A54-9A05-4BBA38E0BF90}.CD_ROM|Any CPU.Build.0 = Release|Any CPU
		{6B39450C-D9F3-4A54-9A05-4BBA38E0BF90}.CD_ROM|x64.ActiveCfg = Release|x64
		{6B39450C-D9F3-4A54-9A05-4BBA38E0BF90}.CD_ROM|x64.Build.0 = Release|x64
		{6B39450C-D9F3-4A54-9A05-4BBA38E0BF90}.CD_ROM|x86.ActiveCfg = Release|x86
		{6B39450C-D9F3-4A54-9A05-4BBA38E0BF90}.CD_ROM|x86.Build.0 = Release|x86
		{6B39450C-D9F3-4A54-9A05-4BBA38E0BF90}.Debug|Any CPU.ActiveCfg = Debug|Any CPU
		{6B39450C-D9F3-4A54-9A05-4BBA38E0BF90}.Debug|Any CPU.Build.0 = Debug|Any CPU
		{6B39450C-D9F3-4A54-9A05-4BBA38E0BF90}.Debug|x64.ActiveCfg = Debug|x64
		{6B39450C-D9F3-4A54-9A05-4BBA38E0BF90}.Debug|x64.Build.0 = Debug|x64
		{6B39450C-D9F3-4A54-9A05-4BBA38E0BF90}.Debug|x86.ActiveCfg = Debug|x86
		{6B39450C-D9F3-4A54-9A05-4BBA38E0BF90}.Debug|x86.Build.0 = Debug|x86
		{6B39450C-D9F3-4A54-9A05-4BBA38E0BF90}.DVD-5|Any CPU.ActiveCfg = Debug|Any CPU
		{6B39450C-D9F3-4A54-9A05-4BBA38E0BF90}.DVD-5|Any CPU.Build.0 = Debug|Any CPU
		{6B39450C-D9F3-4A54-9A05-4BBA38E0BF90}.DVD-5|x64.ActiveCfg = Debug|x64
		{6B39450C-D9F3-4A54-9A05-4BBA38E0BF90}.DVD-5|x64.Build.0 = Debug|x64
		{6B39450C-D9F3-4A54-9A05-4BBA38E0BF90}.DVD-5|x86.ActiveCfg = Debug|x86
		{6B39450C-D9F3-4A54-9A05-4BBA38E0BF90}.DVD-5|x86.Build.0 = Debug|x86
		{6B39450C-D9F3-4A54-9A05-4BBA38E0BF90}.Release|Any CPU.ActiveCfg = Release|Any CPU
		{6B39450C-D9F3-4A54-9A05-4BBA38E0BF90}.Release|Any CPU.Build.0 = Release|Any CPU
		{6B39450C-D9F3-4A54-9A05-4BBA38E0BF90}.Release|x64.ActiveCfg = Release|x64
		{6B39450C-D9F3-4A54-9A05-4BBA38E0BF90}.Release|x64.Build.0 = Release|x64
		{6B39450C-D9F3-4A54-9A05-4BBA38E0BF90}.Release|x86.ActiveCfg = Release|x86
		{6B39450C-D9F3-4A54-9A05-4BBA38E0BF90}.Release|x86.Build.0 = Release|x86
		{6B39450C-D9F3-4A54-9A05-4BBA38E0BF90}.SingleImage|Any CPU.ActiveCfg = Release|Any CPU
		{6B39450C-D9F3-4A54-9A05-4BBA38E0BF90}.SingleImage|Any CPU.Build.0 = Release|Any CPU
		{6B39450C-D9F3-4A54-9A05-4BBA38E0BF90}.SingleImage|x64.ActiveCfg = Release|x64
		{6B39450C-D9F3-4A54-9A05-4BBA38E0BF90}.SingleImage|x64.Build.0 = Release|x64
		{6B39450C-D9F3-4A54-9A05-4BBA38E0BF90}.SingleImage|x86.ActiveCfg = Release|x86
		{6B39450C-D9F3-4A54-9A05-4BBA38E0BF90}.SingleImage|x86.Build.0 = Release|x86
		{612260F5-9371-434A-A3F0-B73AB668ECEB}.CD_ROM|Any CPU.ActiveCfg = Release|Any CPU
		{612260F5-9371-434A-A3F0-B73AB668ECEB}.CD_ROM|Any CPU.Build.0 = Release|Any CPU
		{612260F5-9371-434A-A3F0-B73AB668ECEB}.CD_ROM|x64.ActiveCfg = Debug|Any CPU
		{612260F5-9371-434A-A3F0-B73AB668ECEB}.CD_ROM|x86.ActiveCfg = Release|x86
		{612260F5-9371-434A-A3F0-B73AB668ECEB}.CD_ROM|x86.Build.0 = Release|x86
		{612260F5-9371-434A-A3F0-B73AB668ECEB}.Debug|Any CPU.ActiveCfg = Debug|Any CPU
		{612260F5-9371-434A-A3F0-B73AB668ECEB}.Debug|Any CPU.Build.0 = Debug|Any CPU
		{612260F5-9371-434A-A3F0-B73AB668ECEB}.Debug|x64.ActiveCfg = Debug|Any CPU
		{612260F5-9371-434A-A3F0-B73AB668ECEB}.Debug|x86.ActiveCfg = Debug|x86
		{612260F5-9371-434A-A3F0-B73AB668ECEB}.Debug|x86.Build.0 = Debug|x86
		{612260F5-9371-434A-A3F0-B73AB668ECEB}.DVD-5|Any CPU.ActiveCfg = Debug|Any CPU
		{612260F5-9371-434A-A3F0-B73AB668ECEB}.DVD-5|Any CPU.Build.0 = Debug|Any CPU
		{612260F5-9371-434A-A3F0-B73AB668ECEB}.DVD-5|x64.ActiveCfg = Debug|Any CPU
		{612260F5-9371-434A-A3F0-B73AB668ECEB}.DVD-5|x86.ActiveCfg = Debug|x86
		{612260F5-9371-434A-A3F0-B73AB668ECEB}.DVD-5|x86.Build.0 = Debug|x86
		{612260F5-9371-434A-A3F0-B73AB668ECEB}.Release|Any CPU.ActiveCfg = Release|Any CPU
		{612260F5-9371-434A-A3F0-B73AB668ECEB}.Release|Any CPU.Build.0 = Release|Any CPU
		{612260F5-9371-434A-A3F0-B73AB668ECEB}.Release|x64.ActiveCfg = Release|Any CPU
		{612260F5-9371-434A-A3F0-B73AB668ECEB}.Release|x86.ActiveCfg = Release|x86
		{612260F5-9371-434A-A3F0-B73AB668ECEB}.Release|x86.Build.0 = Release|x86
		{612260F5-9371-434A-A3F0-B73AB668ECEB}.SingleImage|Any CPU.ActiveCfg = Release|Any CPU
		{612260F5-9371-434A-A3F0-B73AB668ECEB}.SingleImage|Any CPU.Build.0 = Release|Any CPU
		{612260F5-9371-434A-A3F0-B73AB668ECEB}.SingleImage|x64.ActiveCfg = Debug|Any CPU
		{612260F5-9371-434A-A3F0-B73AB668ECEB}.SingleImage|x86.ActiveCfg = Release|x86
		{612260F5-9371-434A-A3F0-B73AB668ECEB}.SingleImage|x86.Build.0 = Release|x86
		{FB9E7E6B-B19F-4F37-A708-2996190CEF13}.CD_ROM|Any CPU.ActiveCfg = Release|Any CPU
		{FB9E7E6B-B19F-4F37-A708-2996190CEF13}.CD_ROM|Any CPU.Build.0 = Release|Any CPU
		{FB9E7E6B-B19F-4F37-A708-2996190CEF13}.CD_ROM|x64.ActiveCfg = Debug|Any CPU
		{FB9E7E6B-B19F-4F37-A708-2996190CEF13}.CD_ROM|x86.ActiveCfg = Release|x86
		{FB9E7E6B-B19F-4F37-A708-2996190CEF13}.CD_ROM|x86.Build.0 = Release|x86
		{FB9E7E6B-B19F-4F37-A708-2996190CEF13}.Debug|Any CPU.ActiveCfg = Debug|Any CPU
		{FB9E7E6B-B19F-4F37-A708-2996190CEF13}.Debug|Any CPU.Build.0 = Debug|Any CPU
		{FB9E7E6B-B19F-4F37-A708-2996190CEF13}.Debug|x64.ActiveCfg = Debug|Any CPU
		{FB9E7E6B-B19F-4F37-A708-2996190CEF13}.Debug|x86.ActiveCfg = Debug|x86
		{FB9E7E6B-B19F-4F37-A708-2996190CEF13}.Debug|x86.Build.0 = Debug|x86
		{FB9E7E6B-B19F-4F37-A708-2996190CEF13}.DVD-5|Any CPU.ActiveCfg = Debug|Any CPU
		{FB9E7E6B-B19F-4F37-A708-2996190CEF13}.DVD-5|Any CPU.Build.0 = Debug|Any CPU
		{FB9E7E6B-B19F-4F37-A708-2996190CEF13}.DVD-5|x64.ActiveCfg = Debug|Any CPU
		{FB9E7E6B-B19F-4F37-A708-2996190CEF13}.DVD-5|x86.ActiveCfg = Debug|x86
		{FB9E7E6B-B19F-4F37-A708-2996190CEF13}.DVD-5|x86.Build.0 = Debug|x86
		{FB9E7E6B-B19F-4F37-A708-2996190CEF13}.Release|Any CPU.ActiveCfg = Release|Any CPU
		{FB9E7E6B-B19F-4F37-A708-2996190CEF13}.Release|Any CPU.Build.0 = Release|Any CPU
		{FB9E7E6B-B19F-4F37-A708-2996190CEF13}.Release|x64.ActiveCfg = Release|Any CPU
		{FB9E7E6B-B19F-4F37-A708-2996190CEF13}.Release|x86.ActiveCfg = Release|x86
		{FB9E7E6B-B19F-4F37-A708-2996190CEF13}.Release|x86.Build.0 = Release|x86
		{FB9E7E6B-B19F-4F37-A708-2996190CEF13}.SingleImage|Any CPU.ActiveCfg = Release|Any CPU
		{FB9E7E6B-B19F-4F37-A708-2996190CEF13}.SingleImage|Any CPU.Build.0 = Release|Any CPU
		{FB9E7E6B-B19F-4F37-A708-2996190CEF13}.SingleImage|x64.ActiveCfg = Debug|Any CPU
		{FB9E7E6B-B19F-4F37-A708-2996190CEF13}.SingleImage|x86.ActiveCfg = Release|x86
		{FB9E7E6B-B19F-4F37-A708-2996190CEF13}.SingleImage|x86.Build.0 = Release|x86
		{16B5AAFD-FC64-44D9-9A50-F11CB27F5C50}.CD_ROM|Any CPU.ActiveCfg = Release|Any CPU
		{16B5AAFD-FC64-44D9-9A50-F11CB27F5C50}.CD_ROM|Any CPU.Build.0 = Release|Any CPU
		{16B5AAFD-FC64-44D9-9A50-F11CB27F5C50}.CD_ROM|x64.ActiveCfg = Release|Any CPU
		{16B5AAFD-FC64-44D9-9A50-F11CB27F5C50}.CD_ROM|x86.ActiveCfg = Release|Any CPU
		{16B5AAFD-FC64-44D9-9A50-F11CB27F5C50}.Debug|Any CPU.ActiveCfg = Debug|Any CPU
		{16B5AAFD-FC64-44D9-9A50-F11CB27F5C50}.Debug|Any CPU.Build.0 = Debug|Any CPU
		{16B5AAFD-FC64-44D9-9A50-F11CB27F5C50}.Debug|x64.ActiveCfg = Debug|Any CPU
		{16B5AAFD-FC64-44D9-9A50-F11CB27F5C50}.Debug|x86.ActiveCfg = Debug|Any CPU
		{16B5AAFD-FC64-44D9-9A50-F11CB27F5C50}.DVD-5|Any CPU.ActiveCfg = Debug|Any CPU
		{16B5AAFD-FC64-44D9-9A50-F11CB27F5C50}.DVD-5|Any CPU.Build.0 = Debug|Any CPU
		{16B5AAFD-FC64-44D9-9A50-F11CB27F5C50}.DVD-5|x64.ActiveCfg = Debug|Any CPU
		{16B5AAFD-FC64-44D9-9A50-F11CB27F5C50}.DVD-5|x86.ActiveCfg = Debug|Any CPU
		{16B5AAFD-FC64-44D9-9A50-F11CB27F5C50}.Release|Any CPU.ActiveCfg = Release|Any CPU
		{16B5AAFD-FC64-44D9-9A50-F11CB27F5C50}.Release|Any CPU.Build.0 = Release|Any CPU
		{16B5AAFD-FC64-44D9-9A50-F11CB27F5C50}.Release|x64.ActiveCfg = Release|Any CPU
		{16B5AAFD-FC64-44D9-9A50-F11CB27F5C50}.Release|x86.ActiveCfg = Release|Any CPU
		{16B5AAFD-FC64-44D9-9A50-F11CB27F5C50}.SingleImage|Any CPU.ActiveCfg = Release|Any CPU
		{16B5AAFD-FC64-44D9-9A50-F11CB27F5C50}.SingleImage|Any CPU.Build.0 = Release|Any CPU
		{16B5AAFD-FC64-44D9-9A50-F11CB27F5C50}.SingleImage|x64.ActiveCfg = Release|Any CPU
		{16B5AAFD-FC64-44D9-9A50-F11CB27F5C50}.SingleImage|x86.ActiveCfg = Release|Any CPU
	EndGlobalSection
	GlobalSection(SolutionProperties) = preSolution
		HideSolutionNode = FALSE
	EndGlobalSection
	GlobalSection(ExtensibilityGlobals) = postSolution
		VisualSVNWorkingCopyRoot = .
	EndGlobalSection
EndGlobal
