
Microsoft Visual Studio Solution File, Format Version 10.00
# Visual Studio 2008
Project("{FAE04EC0-301F-11D3-BF4B-00C04F79EFBC}") = "KUL.MDS.Validation", "KUL.MDS.Validation.csproj", "{A52D6403-0252-4A82-8C53-122B3CC036FC}"
EndProject
Global
	GlobalSection(SolutionConfigurationPlatforms) = preSolution
		Debug|Any CPU = Debug|Any CPU
		Release|Any CPU = Release|Any CPU
	EndGlobalSection
	GlobalSection(ProjectConfigurationPlatforms) = postSolution
		{A52D6403-0252-4A82-8C53-122B3CC036FC}.Debug|Any CPU.ActiveCfg = Debug|Any CPU
		{A52D6403-0252-4A82-8C53-122B3CC036FC}.Debug|Any CPU.Build.0 = Debug|Any CPU
		{A52D6403-0252-4A82-8C53-122B3CC036FC}.Release|Any CPU.ActiveCfg = Release|Any CPU
		{A52D6403-0252-4A82-8C53-122B3CC036FC}.Release|Any CPU.Build.0 = Release|Any CPU
	EndGlobalSection
	GlobalSection(SolutionProperties) = preSolution
		HideSolutionNode = FALSE
	EndGlobalSection
EndGlobal
